
Microsoft Visual Studio Solution File, Format Version 12.00
# Visual Studio Version 16
VisualStudioVersion = 16.0.29025.244
MinimumVisualStudioVersion = 10.0.40219.1
Project("{9A19103F-16F7-4668-BE54-9A1E7A4F7556}") = "G_R_Game", "G-R-Game\G_R_Game.csproj", "{0BB749D9-F5FB-429A-B50D-CB3936BA708A}"
EndProject
Project("{9A19103F-16F7-4668-BE54-9A1E7A4F7556}") = "VelcroPhysics.MonoGame", "VelcroPhysics-master\VelcroPhysics\VelcroPhysics.MonoGame.csproj", "{0C2D74B1-ACDF-43C8-9FAB-8F67FC9A3324}"
EndProject
Global
	GlobalSection(SolutionConfigurationPlatforms) = preSolution
		Debug|Any CPU = Debug|Any CPU
		Debug|x64 = Debug|x64
		Debug|x86 = Debug|x86
		Release|Any CPU = Release|Any CPU
		Release|x64 = Release|x64
		Release|x86 = Release|x86
	EndGlobalSection
	GlobalSection(ProjectConfigurationPlatforms) = postSolution
		{0BB749D9-F5FB-429A-B50D-CB3936BA708A}.Debug|Any CPU.ActiveCfg = Debug|Any CPU
		{0BB749D9-F5FB-429A-B50D-CB3936BA708A}.Debug|Any CPU.Build.0 = Debug|Any CPU
		{0BB749D9-F5FB-429A-B50D-CB3936BA708A}.Debug|x64.ActiveCfg = Debug|Any CPU
		{0BB749D9-F5FB-429A-B50D-CB3936BA708A}.Debug|x64.Build.0 = Debug|Any CPU
		{0BB749D9-F5FB-429A-B50D-CB3936BA708A}.Debug|x86.ActiveCfg = Debug|Any CPU
		{0BB749D9-F5FB-429A-B50D-CB3936BA708A}.Debug|x86.Build.0 = Debug|Any CPU
		{0BB749D9-F5FB-429A-B50D-CB3936BA708A}.Release|Any CPU.ActiveCfg = Release|Any CPU
		{0BB749D9-F5FB-429A-B50D-CB3936BA708A}.Release|Any CPU.Build.0 = Release|Any CPU
		{0BB749D9-F5FB-429A-B50D-CB3936BA708A}.Release|x64.ActiveCfg = Release|Any CPU
		{0BB749D9-F5FB-429A-B50D-CB3936BA708A}.Release|x64.Build.0 = Release|Any CPU
		{0BB749D9-F5FB-429A-B50D-CB3936BA708A}.Release|x86.ActiveCfg = Release|Any CPU
		{0BB749D9-F5FB-429A-B50D-CB3936BA708A}.Release|x86.Build.0 = Release|Any CPU
		{0C2D74B1-ACDF-43C8-9FAB-8F67FC9A3324}.Debug|Any CPU.ActiveCfg = Debug|Any CPU
		{0C2D74B1-ACDF-43C8-9FAB-8F67FC9A3324}.Debug|Any CPU.Build.0 = Debug|Any CPU
		{0C2D74B1-ACDF-43C8-9FAB-8F67FC9A3324}.Debug|x64.ActiveCfg = Debug|Any CPU
		{0C2D74B1-ACDF-43C8-9FAB-8F67FC9A3324}.Debug|x64.Build.0 = Debug|Any CPU
		{0C2D74B1-ACDF-43C8-9FAB-8F67FC9A3324}.Debug|x86.ActiveCfg = Debug|Any CPU
		{0C2D74B1-ACDF-43C8-9FAB-8F67FC9A3324}.Debug|x86.Build.0 = Debug|Any CPU
		{0C2D74B1-ACDF-43C8-9FAB-8F67FC9A3324}.Release|Any CPU.ActiveCfg = Release|Any CPU
		{0C2D74B1-ACDF-43C8-9FAB-8F67FC9A3324}.Release|Any CPU.Build.0 = Release|Any CPU
		{0C2D74B1-ACDF-43C8-9FAB-8F67FC9A3324}.Release|x64.ActiveCfg = Release|Any CPU
		{0C2D74B1-ACDF-43C8-9FAB-8F67FC9A3324}.Release|x64.Build.0 = Release|Any CPU
		{0C2D74B1-ACDF-43C8-9FAB-8F67FC9A3324}.Release|x86.ActiveCfg = Release|Any CPU
		{0C2D74B1-ACDF-43C8-9FAB-8F67FC9A3324}.Release|x86.Build.0 = Release|Any CPU
	EndGlobalSection
	GlobalSection(SolutionProperties) = preSolution
		HideSolutionNode = FALSE
	EndGlobalSection
	GlobalSection(ExtensibilityGlobals) = postSolution
		SolutionGuid = {CBB5DC45-E490-4A0A-85F1-5506D7D87904}
	EndGlobalSection
EndGlobal
